// !$*UTF8*$!
{
	archiveVersion = 1;
	classes = {
	};
	objectVersion = 56;
	objects = {

/* Begin PBXBuildFile section */
		E43BB96E294B66CE009476AA /* ProfileView.swift in Sources */ = {isa = PBXBuildFile; fileRef = E43BB96D294B66CE009476AA /* ProfileView.swift */; };
		E47BFF9729476FBA0056BED0 /* TheFirstSMApp.swift in Sources */ = {isa = PBXBuildFile; fileRef = E47BFF9629476FBA0056BED0 /* TheFirstSMApp.swift */; };
		E47BFF9929476FBA0056BED0 /* ContentView.swift in Sources */ = {isa = PBXBuildFile; fileRef = E47BFF9829476FBA0056BED0 /* ContentView.swift */; };
		E47BFF9B29476FBB0056BED0 /* Assets.xcassets in Resources */ = {isa = PBXBuildFile; fileRef = E47BFF9A29476FBB0056BED0 /* Assets.xcassets */; };
		E47BFF9E29476FBB0056BED0 /* Preview Assets.xcassets in Resources */ = {isa = PBXBuildFile; fileRef = E47BFF9D29476FBB0056BED0 /* Preview Assets.xcassets */; };
		E47BFFA8294783610056BED0 /* GoogleService-Info.plist in Resources */ = {isa = PBXBuildFile; fileRef = E47BFFA7294783610056BED0 /* GoogleService-Info.plist */; };
		E47BFFAB2947856F0056BED0 /* FirebaseAuth in Frameworks */ = {isa = PBXBuildFile; productRef = E47BFFAA2947856F0056BED0 /* FirebaseAuth */; };
		E47BFFAE294787C70056BED0 /* LoginView.swift in Sources */ = {isa = PBXBuildFile; fileRef = E47BFFAD294787C70056BED0 /* LoginView.swift */; };
		E47BFFB12948515C0056BED0 /* FirebaseFirestore in Frameworks */ = {isa = PBXBuildFile; productRef = E47BFFB02948515C0056BED0 /* FirebaseFirestore */; };
		E47BFFB32948515C0056BED0 /* FirebaseFirestoreSwift in Frameworks */ = {isa = PBXBuildFile; productRef = E47BFFB22948515C0056BED0 /* FirebaseFirestoreSwift */; };
		E47BFFB52948515C0056BED0 /* FirebaseStorage in Frameworks */ = {isa = PBXBuildFile; productRef = E47BFFB42948515C0056BED0 /* FirebaseStorage */; };
		E47BFFB7294861990056BED0 /* User.swift in Sources */ = {isa = PBXBuildFile; fileRef = E47BFFB6294861990056BED0 /* User.swift */; };
		E47BFFB9294880320056BED0 /* LoadingView.swift in Sources */ = {isa = PBXBuildFile; fileRef = E47BFFB8294880320056BED0 /* LoadingView.swift */; };
		E4AD1BC029597F9B00F4DEF3 /* CreateNewPost.swift in Sources */ = {isa = PBXBuildFile; fileRef = E4AD1BBF29597F9B00F4DEF3 /* CreateNewPost.swift */; };
		E4AD1BC22959800900F4DEF3 /* Post.swift in Sources */ = {isa = PBXBuildFile; fileRef = E4AD1BC12959800900F4DEF3 /* Post.swift */; };
		E4AD1BC62959DCC900F4DEF3 /* PostView.swift in Sources */ = {isa = PBXBuildFile; fileRef = E4AD1BC52959DCC900F4DEF3 /* PostView.swift */; };
		E4BB57C5294ADEC9008379DD /* RegisterView.swift in Sources */ = {isa = PBXBuildFile; fileRef = E4BB57C4294ADEC9008379DD /* RegisterView.swift */; };
		E4BB57C8294ADFFF008379DD /* View+Extensions.swift in Sources */ = {isa = PBXBuildFile; fileRef = E4BB57C7294ADFFF008379DD /* View+Extensions.swift */; };
		E4BB57CA294AE0D7008379DD /* MainView.swift in Sources */ = {isa = PBXBuildFile; fileRef = E4BB57C9294AE0D7008379DD /* MainView.swift */; };
		E4BB57CE294B0E34008379DD /* ReusableProfileContent.swift in Sources */ = {isa = PBXBuildFile; fileRef = E4BB57CD294B0E34008379DD /* ReusableProfileContent.swift */; };
		E4BB57D1294B10E1008379DD /* SDWebImageSwiftUI in Frameworks */ = {isa = PBXBuildFile; productRef = E4BB57D0294B10E1008379DD /* SDWebImageSwiftUI */; };
/* End PBXBuildFile section */

/* Begin PBXFileReference section */
		E43BB96D294B66CE009476AA /* ProfileView.swift */ = {isa = PBXFileReference; lastKnownFileType = sourcecode.swift; path = ProfileView.swift; sourceTree = "<group>"; };
		E47BFF9329476FBA0056BED0 /* TheFirstSM.app */ = {isa = PBXFileReference; explicitFileType = wrapper.application; includeInIndex = 0; path = TheFirstSM.app; sourceTree = BUILT_PRODUCTS_DIR; };
		E47BFF9629476FBA0056BED0 /* TheFirstSMApp.swift */ = {isa = PBXFileReference; lastKnownFileType = sourcecode.swift; path = TheFirstSMApp.swift; sourceTree = "<group>"; };
		E47BFF9829476FBA0056BED0 /* ContentView.swift */ = {isa = PBXFileReference; lastKnownFileType = sourcecode.swift; path = ContentView.swift; sourceTree = "<group>"; };
		E47BFF9A29476FBB0056BED0 /* Assets.xcassets */ = {isa = PBXFileReference; lastKnownFileType = folder.assetcatalog; path = Assets.xcassets; sourceTree = "<group>"; };
		E47BFF9D29476FBB0056BED0 /* Preview Assets.xcassets */ = {isa = PBXFileReference; lastKnownFileType = folder.assetcatalog; path = "Preview Assets.xcassets"; sourceTree = "<group>"; };
		E47BFFA7294783610056BED0 /* GoogleService-Info.plist */ = {isa = PBXFileReference; fileEncoding = 4; lastKnownFileType = text.plist.xml; path = "GoogleService-Info.plist"; sourceTree = "<group>"; };
		E47BFFAD294787C70056BED0 /* LoginView.swift */ = {isa = PBXFileReference; lastKnownFileType = sourcecode.swift; path = LoginView.swift; sourceTree = "<group>"; };
		E47BFFB6294861990056BED0 /* User.swift */ = {isa = PBXFileReference; lastKnownFileType = sourcecode.swift; path = User.swift; sourceTree = "<group>"; };
		E47BFFB8294880320056BED0 /* LoadingView.swift */ = {isa = PBXFileReference; lastKnownFileType = sourcecode.swift; path = LoadingView.swift; sourceTree = "<group>"; };
		E4AD1BBF29597F9B00F4DEF3 /* CreateNewPost.swift */ = {isa = PBXFileReference; lastKnownFileType = sourcecode.swift; path = CreateNewPost.swift; sourceTree = "<group>"; };
		E4AD1BC12959800900F4DEF3 /* Post.swift */ = {isa = PBXFileReference; lastKnownFileType = sourcecode.swift; path = Post.swift; sourceTree = "<group>"; };
		E4AD1BC52959DCC900F4DEF3 /* PostView.swift */ = {isa = PBXFileReference; lastKnownFileType = sourcecode.swift; path = PostView.swift; sourceTree = "<group>"; };
		E4BB57C4294ADEC9008379DD /* RegisterView.swift */ = {isa = PBXFileReference; lastKnownFileType = sourcecode.swift; path = RegisterView.swift; sourceTree = "<group>"; };
		E4BB57C7294ADFFF008379DD /* View+Extensions.swift */ = {isa = PBXFileReference; lastKnownFileType = sourcecode.swift; path = "View+Extensions.swift"; sourceTree = "<group>"; };
		E4BB57C9294AE0D7008379DD /* MainView.swift */ = {isa = PBXFileReference; lastKnownFileType = sourcecode.swift; path = MainView.swift; sourceTree = "<group>"; };
		E4BB57CD294B0E34008379DD /* ReusableProfileContent.swift */ = {isa = PBXFileReference; lastKnownFileType = sourcecode.swift; path = ReusableProfileContent.swift; sourceTree = "<group>"; };
/* End PBXFileReference section */

/* Begin PBXFrameworksBuildPhase section */
		E47BFF9029476FBA0056BED0 /* Frameworks */ = {
			isa = PBXFrameworksBuildPhase;
			buildActionMask = 2147483647;
			files = (
				E4BB57D1294B10E1008379DD /* SDWebImageSwiftUI in Frameworks */,
				E47BFFAB2947856F0056BED0 /* FirebaseAuth in Frameworks */,
				E47BFFB52948515C0056BED0 /* FirebaseStorage in Frameworks */,
				E47BFFB12948515C0056BED0 /* FirebaseFirestore in Frameworks */,
				E47BFFB32948515C0056BED0 /* FirebaseFirestoreSwift in Frameworks */,
			);
			runOnlyForDeploymentPostprocessing = 0;
		};
/* End PBXFrameworksBuildPhase section */

/* Begin PBXGroup section */
		E47BFF8A29476FB90056BED0 = {
			isa = PBXGroup;
			children = (
				E47BFF9529476FBA0056BED0 /* TheFirstSM */,
				E47BFF9429476FBA0056BED0 /* Products */,
				E47BFFAF2948515C0056BED0 /* Frameworks */,
			);
			sourceTree = "<group>";
		};
		E47BFF9429476FBA0056BED0 /* Products */ = {
			isa = PBXGroup;
			children = (
				E47BFF9329476FBA0056BED0 /* TheFirstSM.app */,
			);
			name = Products;
			sourceTree = "<group>";
		};
		E47BFF9529476FBA0056BED0 /* TheFirstSM */ = {
			isa = PBXGroup;
			children = (
				E47BFFA7294783610056BED0 /* GoogleService-Info.plist */,
				E47BFF9629476FBA0056BED0 /* TheFirstSMApp.swift */,
				E47BFF9829476FBA0056BED0 /* ContentView.swift */,
				E47BFFA4294775B10056BED0 /* Model */,
				E47BFFA6294775DE0056BED0 /* View */,
				E47BFF9A29476FBB0056BED0 /* Assets.xcassets */,
				E47BFF9C29476FBB0056BED0 /* Preview Content */,
			);
			path = TheFirstSM;
			sourceTree = "<group>";
		};
		E47BFF9C29476FBB0056BED0 /* Preview Content */ = {
			isa = PBXGroup;
			children = (
				E47BFF9D29476FBB0056BED0 /* Preview Assets.xcassets */,
			);
			path = "Preview Content";
			sourceTree = "<group>";
		};
		E47BFFA4294775B10056BED0 /* Model */ = {
			isa = PBXGroup;
			children = (
				E47BFFB6294861990056BED0 /* User.swift */,
				E4AD1BC12959800900F4DEF3 /* Post.swift */,
			);
			path = Model;
			sourceTree = "<group>";
		};
		E47BFFA6294775DE0056BED0 /* View */ = {
			isa = PBXGroup;
			children = (
				E4BB57C6294ADF88008379DD /* Helpers */,
				E4BB57C3294ADE82008379DD /* MainView */,
				E4BB57C2294ADE78008379DD /* Login */,
				E47BFFB8294880320056BED0 /* LoadingView.swift */,
			);
			path = View;
			sourceTree = "<group>";
		};
		E47BFFAF2948515C0056BED0 /* Frameworks */ = {
			isa = PBXGroup;
			children = (
			);
			name = Frameworks;
			sourceTree = "<group>";
		};
		E4BB57C2294ADE78008379DD /* Login */ = {
			isa = PBXGroup;
			children = (
				E47BFFAD294787C70056BED0 /* LoginView.swift */,
				E4BB57C4294ADEC9008379DD /* RegisterView.swift */,
			);
			path = Login;
			sourceTree = "<group>";
		};
		E4BB57C3294ADE82008379DD /* MainView */ = {
			isa = PBXGroup;
			children = (
				E4BB57C9294AE0D7008379DD /* MainView.swift */,
				E43BB96D294B66CE009476AA /* ProfileView.swift */,
				E4BB57CD294B0E34008379DD /* ReusableProfileContent.swift */,
				E4AD1BBF29597F9B00F4DEF3 /* CreateNewPost.swift */,
				E4AD1BC52959DCC900F4DEF3 /* PostView.swift */,
			);
			path = MainView;
			sourceTree = "<group>";
		};
		E4BB57C6294ADF88008379DD /* Helpers */ = {
			isa = PBXGroup;
			children = (
				E4BB57C7294ADFFF008379DD /* View+Extensions.swift */,
			);
			path = Helpers;
			sourceTree = "<group>";
		};
/* End PBXGroup section */

/* Begin PBXNativeTarget section */
		E47BFF9229476FBA0056BED0 /* TheFirstSM */ = {
			isa = PBXNativeTarget;
			buildConfigurationList = E47BFFA129476FBB0056BED0 /* Build configuration list for PBXNativeTarget "TheFirstSM" */;
			buildPhases = (
				E47BFF8F29476FBA0056BED0 /* Sources */,
				E47BFF9029476FBA0056BED0 /* Frameworks */,
				E47BFF9129476FBA0056BED0 /* Resources */,
			);
			buildRules = (
			);
			dependencies = (
			);
			name = TheFirstSM;
			packageProductDependencies = (
				E47BFFAA2947856F0056BED0 /* FirebaseAuth */,
				E47BFFB02948515C0056BED0 /* FirebaseFirestore */,
				E47BFFB22948515C0056BED0 /* FirebaseFirestoreSwift */,
				E47BFFB42948515C0056BED0 /* FirebaseStorage */,
				E4BB57D0294B10E1008379DD /* SDWebImageSwiftUI */,
			);
			productName = TheFirstSM;
			productReference = E47BFF9329476FBA0056BED0 /* TheFirstSM.app */;
			productType = "com.apple.product-type.application";
		};
/* End PBXNativeTarget section */

/* Begin PBXProject section */
		E47BFF8B29476FB90056BED0 /* Project object */ = {
			isa = PBXProject;
			attributes = {
				BuildIndependentTargetsInParallel = 1;
				LastSwiftUpdateCheck = 1410;
				LastUpgradeCheck = 1410;
				TargetAttributes = {
					E47BFF9229476FBA0056BED0 = {
						CreatedOnToolsVersion = 14.1;
					};
				};
			};
			buildConfigurationList = E47BFF8E29476FB90056BED0 /* Build configuration list for PBXProject "TheFirstSM" */;
			compatibilityVersion = "Xcode 14.0";
			developmentRegion = en;
			hasScannedForEncodings = 0;
			knownRegions = (
				en,
				Base,
			);
			mainGroup = E47BFF8A29476FB90056BED0;
			packageReferences = (
				E47BFFA92947856F0056BED0 /* XCRemoteSwiftPackageReference "firebase-ios-sdk" */,
				E4BB57CF294B10E1008379DD /* XCRemoteSwiftPackageReference "SDWebImageSwiftUI" */,
			);
			productRefGroup = E47BFF9429476FBA0056BED0 /* Products */;
			projectDirPath = "";
			projectRoot = "";
			targets = (
				E47BFF9229476FBA0056BED0 /* TheFirstSM */,
			);
		};
/* End PBXProject section */

/* Begin PBXResourcesBuildPhase section */
		E47BFF9129476FBA0056BED0 /* Resources */ = {
			isa = PBXResourcesBuildPhase;
			buildActionMask = 2147483647;
			files = (
				E47BFF9E29476FBB0056BED0 /* Preview Assets.xcassets in Resources */,
				E47BFF9B29476FBB0056BED0 /* Assets.xcassets in Resources */,
				E47BFFA8294783610056BED0 /* GoogleService-Info.plist in Resources */,
			);
			runOnlyForDeploymentPostprocessing = 0;
		};
/* End PBXResourcesBuildPhase section */

/* Begin PBXSourcesBuildPhase section */
		E47BFF8F29476FBA0056BED0 /* Sources */ = {
			isa = PBXSourcesBuildPhase;
			buildActionMask = 2147483647;
			files = (
				E47BFFB7294861990056BED0 /* User.swift in Sources */,
				E4BB57CE294B0E34008379DD /* ReusableProfileContent.swift in Sources */,
				E43BB96E294B66CE009476AA /* ProfileView.swift in Sources */,
				E4AD1BC22959800900F4DEF3 /* Post.swift in Sources */,
				E4BB57CA294AE0D7008379DD /* MainView.swift in Sources */,
				E47BFFAE294787C70056BED0 /* LoginView.swift in Sources */,
				E47BFF9929476FBA0056BED0 /* ContentView.swift in Sources */,
				E4BB57C8294ADFFF008379DD /* View+Extensions.swift in Sources */,
				E4AD1BC029597F9B00F4DEF3 /* CreateNewPost.swift in Sources */,
				E4BB57C5294ADEC9008379DD /* RegisterView.swift in Sources */,
				E47BFFB9294880320056BED0 /* LoadingView.swift in Sources */,
				E4AD1BC62959DCC900F4DEF3 /* PostView.swift in Sources */,
				E47BFF9729476FBA0056BED0 /* TheFirstSMApp.swift in Sources */,
			);
			runOnlyForDeploymentPostprocessing = 0;
		};
/* End PBXSourcesBuildPhase section */

/* Begin XCBuildConfiguration section */
		E47BFF9F29476FBB0056BED0 /* Debug */ = {
			isa = XCBuildConfiguration;
			buildSettings = {
				ALWAYS_SEARCH_USER_PATHS = NO;
				CLANG_ANALYZER_NONNULL = YES;
				CLANG_ANALYZER_NUMBER_OBJECT_CONVERSION = YES_AGGRESSIVE;
				CLANG_CXX_LANGUAGE_STANDARD = "gnu++20";
				CLANG_ENABLE_MODULES = YES;
				CLANG_ENABLE_OBJC_ARC = YES;
				CLANG_ENABLE_OBJC_WEAK = YES;
				CLANG_WARN_BLOCK_CAPTURE_AUTORELEASING = YES;
				CLANG_WARN_BOOL_CONVERSION = YES;
				CLANG_WARN_COMMA = YES;
				CLANG_WARN_CONSTANT_CONVERSION = YES;
				CLANG_WARN_DEPRECATED_OBJC_IMPLEMENTATIONS = YES;
				CLANG_WARN_DIRECT_OBJC_ISA_USAGE = YES_ERROR;
				CLANG_WARN_DOCUMENTATION_COMMENTS = YES;
				CLANG_WARN_EMPTY_BODY = YES;
				CLANG_WARN_ENUM_CONVERSION = YES;
				CLANG_WARN_INFINITE_RECURSION = YES;
				CLANG_WARN_INT_CONVERSION = YES;
				CLANG_WARN_NON_LITERAL_NULL_CONVERSION = YES;
				CLANG_WARN_OBJC_IMPLICIT_RETAIN_SELF = YES;
				CLANG_WARN_OBJC_LITERAL_CONVERSION = YES;
				CLANG_WARN_OBJC_ROOT_CLASS = YES_ERROR;
				CLANG_WARN_QUOTED_INCLUDE_IN_FRAMEWORK_HEADER = YES;
				CLANG_WARN_RANGE_LOOP_ANALYSIS = YES;
				CLANG_WARN_STRICT_PROTOTYPES = YES;
				CLANG_WARN_SUSPICIOUS_MOVE = YES;
				CLANG_WARN_UNGUARDED_AVAILABILITY = YES_AGGRESSIVE;
				CLANG_WARN_UNREACHABLE_CODE = YES;
				CLANG_WARN__DUPLICATE_METHOD_MATCH = YES;
				COPY_PHASE_STRIP = NO;
				DEBUG_INFORMATION_FORMAT = dwarf;
				ENABLE_STRICT_OBJC_MSGSEND = YES;
				ENABLE_TESTABILITY = YES;
				GCC_C_LANGUAGE_STANDARD = gnu11;
				GCC_DYNAMIC_NO_PIC = NO;
				GCC_NO_COMMON_BLOCKS = YES;
				GCC_OPTIMIZATION_LEVEL = 0;
				GCC_PREPROCESSOR_DEFINITIONS = (
					"DEBUG=1",
					"$(inherited)",
				);
				GCC_WARN_64_TO_32_BIT_CONVERSION = YES;
				GCC_WARN_ABOUT_RETURN_TYPE = YES_ERROR;
				GCC_WARN_UNDECLARED_SELECTOR = YES;
				GCC_WARN_UNINITIALIZED_AUTOS = YES_AGGRESSIVE;
				GCC_WARN_UNUSED_FUNCTION = YES;
				GCC_WARN_UNUSED_VARIABLE = YES;
				IPHONEOS_DEPLOYMENT_TARGET = 16.1;
				MTL_ENABLE_DEBUG_INFO = INCLUDE_SOURCE;
				MTL_FAST_MATH = YES;
				ONLY_ACTIVE_ARCH = YES;
				SDKROOT = iphoneos;
				SWIFT_ACTIVE_COMPILATION_CONDITIONS = DEBUG;
				SWIFT_OPTIMIZATION_LEVEL = "-Onone";
			};
			name = Debug;
		};
		E47BFFA029476FBB0056BED0 /* Release */ = {
			isa = XCBuildConfiguration;
			buildSettings = {
				ALWAYS_SEARCH_USER_PATHS = NO;
				CLANG_ANALYZER_NONNULL = YES;
				CLANG_ANALYZER_NUMBER_OBJECT_CONVERSION = YES_AGGRESSIVE;
				CLANG_CXX_LANGUAGE_STANDARD = "gnu++20";
				CLANG_ENABLE_MODULES = YES;
				CLANG_ENABLE_OBJC_ARC = YES;
				CLANG_ENABLE_OBJC_WEAK = YES;
				CLANG_WARN_BLOCK_CAPTURE_AUTORELEASING = YES;
				CLANG_WARN_BOOL_CONVERSION = YES;
				CLANG_WARN_COMMA = YES;
				CLANG_WARN_CONSTANT_CONVERSION = YES;
				CLANG_WARN_DEPRECATED_OBJC_IMPLEMENTATIONS = YES;
				CLANG_WARN_DIRECT_OBJC_ISA_USAGE = YES_ERROR;
				CLANG_WARN_DOCUMENTATION_COMMENTS = YES;
				CLANG_WARN_EMPTY_BODY = YES;
				CLANG_WARN_ENUM_CONVERSION = YES;
				CLANG_WARN_INFINITE_RECURSION = YES;
				CLANG_WARN_INT_CONVERSION = YES;
				CLANG_WARN_NON_LITERAL_NULL_CONVERSION = YES;
				CLANG_WARN_OBJC_IMPLICIT_RETAIN_SELF = YES;
				CLANG_WARN_OBJC_LITERAL_CONVERSION = YES;
				CLANG_WARN_OBJC_ROOT_CLASS = YES_ERROR;
				CLANG_WARN_QUOTED_INCLUDE_IN_FRAMEWORK_HEADER = YES;
				CLANG_WARN_RANGE_LOOP_ANALYSIS = YES;
				CLANG_WARN_STRICT_PROTOTYPES = YES;
				CLANG_WARN_SUSPICIOUS_MOVE = YES;
				CLANG_WARN_UNGUARDED_AVAILABILITY = YES_AGGRESSIVE;
				CLANG_WARN_UNREACHABLE_CODE = YES;
				CLANG_WARN__DUPLICATE_METHOD_MATCH = YES;
				COPY_PHASE_STRIP = NO;
				DEBUG_INFORMATION_FORMAT = "dwarf-with-dsym";
				ENABLE_NS_ASSERTIONS = NO;
				ENABLE_STRICT_OBJC_MSGSEND = YES;
				GCC_C_LANGUAGE_STANDARD = gnu11;
				GCC_NO_COMMON_BLOCKS = YES;
				GCC_WARN_64_TO_32_BIT_CONVERSION = YES;
				GCC_WARN_ABOUT_RETURN_TYPE = YES_ERROR;
				GCC_WARN_UNDECLARED_SELECTOR = YES;
				GCC_WARN_UNINITIALIZED_AUTOS = YES_AGGRESSIVE;
				GCC_WARN_UNUSED_FUNCTION = YES;
				GCC_WARN_UNUSED_VARIABLE = YES;
				IPHONEOS_DEPLOYMENT_TARGET = 16.1;
				MTL_ENABLE_DEBUG_INFO = NO;
				MTL_FAST_MATH = YES;
				SDKROOT = iphoneos;
				SWIFT_COMPILATION_MODE = wholemodule;
				SWIFT_OPTIMIZATION_LEVEL = "-O";
				VALIDATE_PRODUCT = YES;
			};
			name = Release;
		};
		E47BFFA229476FBB0056BED0 /* Debug */ = {
			isa = XCBuildConfiguration;
			buildSettings = {
				ASSETCATALOG_COMPILER_APPICON_NAME = AppIcon;
				ASSETCATALOG_COMPILER_GLOBAL_ACCENT_COLOR_NAME = AccentColor;
				CODE_SIGN_STYLE = Automatic;
				CURRENT_PROJECT_VERSION = 1;
				DEVELOPMENT_ASSET_PATHS = "\"TheFirstSM/Preview Content\"";
				DEVELOPMENT_TEAM = 62UE764E85;
				ENABLE_PREVIEWS = YES;
				GENERATE_INFOPLIST_FILE = YES;
				INFOPLIST_KEY_CFBundleDisplayName = "First SM";
				INFOPLIST_KEY_UIApplicationSceneManifest_Generation = YES;
				INFOPLIST_KEY_UIApplicationSupportsIndirectInputEvents = YES;
				INFOPLIST_KEY_UILaunchScreen_Generation = YES;
				INFOPLIST_KEY_UIStatusBarStyle = "";
				INFOPLIST_KEY_UISupportedInterfaceOrientations = UIInterfaceOrientationPortrait;
				LD_RUNPATH_SEARCH_PATHS = (
					"$(inherited)",
					"@executable_path/Frameworks",
				);
				MARKETING_VERSION = 1.0;
				PRODUCT_BUNDLE_IDENTIFIER = com.benjiloya.TheFirstSM;
				PRODUCT_NAME = "$(TARGET_NAME)";
				SUPPORTED_PLATFORMS = "iphoneos iphonesimulator";
				SUPPORTS_MACCATALYST = NO;
				SUPPORTS_MAC_DESIGNED_FOR_IPHONE_IPAD = NO;
				SWIFT_EMIT_LOC_STRINGS = YES;
				SWIFT_VERSION = 5.0;
				TARGETED_DEVICE_FAMILY = 1;
			};
			name = Debug;
		};
		E47BFFA329476FBB0056BED0 /* Release */ = {
			isa = XCBuildConfiguration;
			buildSettings = {
				ASSETCATALOG_COMPILER_APPICON_NAME = AppIcon;
				ASSETCATALOG_COMPILER_GLOBAL_ACCENT_COLOR_NAME = AccentColor;
				CODE_SIGN_STYLE = Automatic;
				CURRENT_PROJECT_VERSION = 1;
				DEVELOPMENT_ASSET_PATHS = "\"TheFirstSM/Preview Content\"";
				DEVELOPMENT_TEAM = 62UE764E85;
				ENABLE_PREVIEWS = YES;
				GENERATE_INFOPLIST_FILE = YES;
				INFOPLIST_KEY_CFBundleDisplayName = "First SM";
				INFOPLIST_KEY_UIApplicationSceneManifest_Generation = YES;
				INFOPLIST_KEY_UIApplicationSupportsIndirectInputEvents = YES;
				INFOPLIST_KEY_UILaunchScreen_Generation = YES;
				INFOPLIST_KEY_UIStatusBarStyle = "";
				INFOPLIST_KEY_UISupportedInterfaceOrientations = UIInterfaceOrientationPortrait;
				LD_RUNPATH_SEARCH_PATHS = (
					"$(inherited)",
					"@executable_path/Frameworks",
				);
				MARKETING_VERSION = 1.0;
				PRODUCT_BUNDLE_IDENTIFIER = com.benjiloya.TheFirstSM;
				PRODUCT_NAME = "$(TARGET_NAME)";
				SUPPORTED_PLATFORMS = "iphoneos iphonesimulator";
				SUPPORTS_MACCATALYST = NO;
				SUPPORTS_MAC_DESIGNED_FOR_IPHONE_IPAD = NO;
				SWIFT_EMIT_LOC_STRINGS = YES;
				SWIFT_VERSION = 5.0;
				TARGETED_DEVICE_FAMILY = 1;
			};
			name = Release;
		};
/* End XCBuildConfiguration section */

/* Begin XCConfigurationList section */
		E47BFF8E29476FB90056BED0 /* Build configuration list for PBXProject "TheFirstSM" */ = {
			isa = XCConfigurationList;
			buildConfigurations = (
				E47BFF9F29476FBB0056BED0 /* Debug */,
				E47BFFA029476FBB0056BED0 /* Release */,
			);
			defaultConfigurationIsVisible = 0;
			defaultConfigurationName = Release;
		};
		E47BFFA129476FBB0056BED0 /* Build configuration list for PBXNativeTarget "TheFirstSM" */ = {
			isa = XCConfigurationList;
			buildConfigurations = (
				E47BFFA229476FBB0056BED0 /* Debug */,
				E47BFFA329476FBB0056BED0 /* Release */,
			);
			defaultConfigurationIsVisible = 0;
			defaultConfigurationName = Release;
		};
/* End XCConfigurationList section */

/* Begin XCRemoteSwiftPackageReference section */
		E47BFFA92947856F0056BED0 /* XCRemoteSwiftPackageReference "firebase-ios-sdk" */ = {
			isa = XCRemoteSwiftPackageReference;
			repositoryURL = "https://github.com/firebase/firebase-ios-sdk";
			requirement = {
				branch = master;
				kind = branch;
			};
		};
		E4BB57CF294B10E1008379DD /* XCRemoteSwiftPackageReference "SDWebImageSwiftUI" */ = {
			isa = XCRemoteSwiftPackageReference;
			repositoryURL = "https://github.com/SDWebImage/SDWebImageSwiftUI";
			requirement = {
				kind = upToNextMajorVersion;
				minimumVersion = 2.0.0;
			};
		};
/* End XCRemoteSwiftPackageReference section */

/* Begin XCSwiftPackageProductDependency section */
		E47BFFAA2947856F0056BED0 /* FirebaseAuth */ = {
			isa = XCSwiftPackageProductDependency;
			package = E47BFFA92947856F0056BED0 /* XCRemoteSwiftPackageReference "firebase-ios-sdk" */;
			productName = FirebaseAuth;
		};
		E47BFFB02948515C0056BED0 /* FirebaseFirestore */ = {
			isa = XCSwiftPackageProductDependency;
			package = E47BFFA92947856F0056BED0 /* XCRemoteSwiftPackageReference "firebase-ios-sdk" */;
			productName = FirebaseFirestore;
		};
		E47BFFB22948515C0056BED0 /* FirebaseFirestoreSwift */ = {
			isa = XCSwiftPackageProductDependency;
			package = E47BFFA92947856F0056BED0 /* XCRemoteSwiftPackageReference "firebase-ios-sdk" */;
			productName = FirebaseFirestoreSwift;
		};
		E47BFFB42948515C0056BED0 /* FirebaseStorage */ = {
			isa = XCSwiftPackageProductDependency;
			package = E47BFFA92947856F0056BED0 /* XCRemoteSwiftPackageReference "firebase-ios-sdk" */;
			productName = FirebaseStorage;
		};
		E4BB57D0294B10E1008379DD /* SDWebImageSwiftUI */ = {
			isa = XCSwiftPackageProductDependency;
			package = E4BB57CF294B10E1008379DD /* XCRemoteSwiftPackageReference "SDWebImageSwiftUI" */;
			productName = SDWebImageSwiftUI;
		};
/* End XCSwiftPackageProductDependency section */
	};
	rootObject = E47BFF8B29476FB90056BED0 /* Project object */;
}
